<?xml version="1.0" encoding="utf-8"?>
<Project ToolsVersion="4.0" xmlns="http://schemas.microsoft.com/developer/msbuild/2003">
  <ItemGroup>
    <Filter Include="Source Files">
      <UniqueIdentifier>{4FC737F1-C7A5-4376-A066-2A32D752A2FF}</UniqueIdentifier>
      <Extensions>cpp;c;cc;cxx;def;odl;idl;hpj;bat;asm;asmx</Extensions>
    </Filter>
    <Filter Include="Header Files">
      <UniqueIdentifier>{93995380-89BD-4b04-88EB-625FBE52EBFB}</UniqueIdentifier>
      <Extensions>h;hh;hpp;hxx;hm;inl;inc;xsd</Extensions>
    </Filter>
    <Filter Include="Resource Files">
      <UniqueIdentifier>{67DA6AB6-F800-4c08-8B7A-83BB121AAD01}</UniqueIdentifier>
      <Extensions>rc;ico;cur;bmp;dlg;rc2;rct;bin;rgs;gif;jpg;jpeg;jpe;resx;tiff;tif;png;wav;mfcribbon-ms</Extensions>
    </Filter>
    <Filter Include="Header Files\DX">
      <UniqueIdentifier>{150316e7-5c80-4669-9a91-a5f6ce1c982b}</UniqueIdentifier>
    </Filter>
    <Filter Include="Source Files\DX">
      <UniqueIdentifier>{453994a9-984c-43a8-85e1-cfc002765940}</UniqueIdentifier>
    </Filter>
    <Filter Include="Source Files\CGame">
      <UniqueIdentifier>{3e938b30-5f78-4ac2-912f-aafe58dd8758}</UniqueIdentifier>
    </Filter>
    <Filter Include="Header Files\CMario">
      <UniqueIdentifier>{a2fef95a-bca3-4c83-9062-2ba354edc4ad}</UniqueIdentifier>
    </Filter>
    <Filter Include="Source Files\CMario">
      <UniqueIdentifier>{c92b4533-0c5d-487e-9e88-09b62c866e06}</UniqueIdentifier>
    </Filter>
  </ItemGroup>
  <ItemGroup>
    <ClInclude Include="GameConfig.h">
      <Filter>Header Files</Filter>
    </ClInclude>
    <ClInclude Include="Singleton.h">
      <Filter>Header Files</Filter>
    </ClInclude>
    <ClInclude Include="CGraphics.h">
      <Filter>Header Files</Filter>
    </ClInclude>
    <ClInclude Include="CScene.h">
      <Filter>Header Files</Filter>
    </ClInclude>
    <ClInclude Include="CSprite.h">
      <Filter>Header Files</Filter>
    </ClInclude>
    <ClInclude Include="CObject.h">
      <Filter>Header Files</Filter>
    </ClInclude>
    <ClInclude Include="CGame.h">
      <Filter>Header Files</Filter>
    </ClInclude>
    <ClInclude Include="BoudingBox.h">
      <Filter>Header Files</Filter>
    </ClInclude>
    <ClInclude Include="DirectSound.h">
      <Filter>Header Files</Filter>
    </ClInclude>
    <ClInclude Include="DX\CDXInput.h">
      <Filter>Header Files\DX</Filter>
    </ClInclude>
    <ClInclude Include="CMario\CMario.h">
      <Filter>Header Files\CMario</Filter>
    </ClInclude>
    <ClInclude Include="CMap.h">
      <Filter>Header Files</Filter>
    </ClInclude>
  </ItemGroup>
  <ItemGroup>
    <ClCompile Include="WinMain.cpp">
      <Filter>Source Files</Filter>
    </ClCompile>
    <ClCompile Include="CGraphics.cpp">
      <Filter>Source Files</Filter>
    </ClCompile>
    <ClCompile Include="CObject.cpp">
      <Filter>Source Files</Filter>
    </ClCompile>
    <ClCompile Include="DirectSound.cpp">
      <Filter>Source Files</Filter>
    </ClCompile>
    <ClCompile Include="DX\CDXInput.cpp">
      <Filter>Source Files\DX</Filter>
    </ClCompile>
    <ClCompile Include="CGame\CGameUpdate.cpp">
      <Filter>Source Files\CGame</Filter>
    </ClCompile>
    <ClCompile Include="CGame\CGameRender.cpp">
      <Filter>Source Files\CGame</Filter>
    </ClCompile>
    <ClCompile Include="CGame\CGame.cpp">
      <Filter>Source Files\CGame</Filter>
    </ClCompile>
    <ClCompile Include="CMario\CMario.cpp">
      <Filter>Source Files\CMario</Filter>
    </ClCompile>
    <ClCompile Include="CMario\CMarioRender.cpp">
      <Filter>Source Files\CMario</Filter>
    </ClCompile>
    <ClCompile Include="CMario\CMarioUpdate.cpp">
      <Filter>Source Files\CMario</Filter>
    </ClCompile>
    <ClCompile Include="CMap.cpp">
      <Filter>Source Files</Filter>
    </ClCompile>
  </ItemGroup>
</Project>